PODS:
  - Alamofire (4.5.1)
  - PromiseKit (4.5.0):
    - PromiseKit/Foundation (= 4.5.0)
    - PromiseKit/QuartzCore (= 4.5.0)
    - PromiseKit/UIKit (= 4.5.0)
  - PromiseKit/CorePromise (4.5.0)
  - PromiseKit/Foundation (4.5.0):
    - PromiseKit/CorePromise
  - PromiseKit/QuartzCore (4.5.0):
    - PromiseKit/CorePromise
  - PromiseKit/UIKit (4.5.0):
    - PromiseKit/CorePromise
  - SpawnBridge (0.1.0):
    - Alamofire (~> 4.5)
    - PromiseKit (~> 4.4)
    - SwiftyBeaver
  - SwiftyBeaver (1.4.3)

DEPENDENCIES:
  - Alamofire (~> 4.5)
  - PromiseKit (~> 4.4)
  - SpawnBridge (from `../`)
  - SwiftyBeaver

EXTERNAL SOURCES:
  SpawnBridge:
    :path: ../

SPEC CHECKSUMS:
  Alamofire: 2d95912bf4c34f164fdfc335872e8c312acaea4a
  PromiseKit: 9c1d9f6d7b65e3951a90bea7f407c56972be5d8e
  SpawnBridge: 0cc6cb84a1799222a5f37a8781e1159b7ffef20e
  SwiftyBeaver: e10b1668e0512229c36c34769b97eed3dfae2ca3

PODFILE CHECKSUM: c86f549b39dcc5976dead4195a6c07088bfe2a73

COCOAPODS: 1.3.1
